
Microsoft Visual Studio Solution File, Format Version 11.00
# Visual Studio 2010
Project("{8BC9CEB8-8B4A-11D0-8D11-00A0C91BC942}") = "15010979_ConsoleProject", "15010979_ConsoleProject\15010979_ConsoleProject.vcxproj", "{DBAD7AF7-F4B2-4115-9422-7908B6ED0CBB}"
EndProject
Global
	GlobalSection(SolutionConfigurationPlatforms) = preSolution
		Debug|Win32 = Debug|Win32
		Release|Win32 = Release|Win32
	EndGlobalSection
	GlobalSection(ProjectConfigurationPlatforms) = postSolution
		{DBAD7AF7-F4B2-4115-9422-7908B6ED0CBB}.Debug|Win32.ActiveCfg = Debug|Win32
		{DBAD7AF7-F4B2-4115-9422-7908B6ED0CBB}.Debug|Win32.Build.0 = Debug|Win32
		{DBAD7AF7-F4B2-4115-9422-7908B6ED0CBB}.Release|Win32.ActiveCfg = Release|Win32
		{DBAD7AF7-F4B2-4115-9422-7908B6ED0CBB}.Release|Win32.Build.0 = Release|Win32
	EndGlobalSection
	GlobalSection(SolutionProperties) = preSolution
		HideSolutionNode = FALSE
	EndGlobalSection
EndGlobal
